
Microsoft Visual Studio Solution File, Format Version 12.00
# Visual Studio Version 17
VisualStudioVersion = 17.9.34723.18
MinimumVisualStudioVersion = 10.0.40219.1
Project("{2150E333-8FDC-42A3-9474-1A3956D46DE8}") = "src", "src", "{5A5CC241-E382-4C38-9DE6-99927A8C0A1E}"
EndProject
Project("{2150E333-8FDC-42A3-9474-1A3956D46DE8}") = "Solution Items", "Solution Items", "{D4B7DFBF-2200-46B4-81B8-BDD9EC6FDA19}"
	ProjectSection(SolutionItems) = preProject
		.gitignore = .gitignore
		README.md = README.md
	EndProjectSection
EndProject
Project("{9A19103F-16F7-4668-BE54-9A1E7A4F7556}") = "NhaThuoc.Domain", "src\NhaThuoc.Domain\NhaThuoc.Domain.csproj", "{357C55E5-FEE1-471A-9705-9B7C770DD43E}"
EndProject
Project("{9A19103F-16F7-4668-BE54-9A1E7A4F7556}") = "NhaThuoc.Application", "src\NhaThuoc.Application\NhaThuoc.Application.csproj", "{486CBC79-9F3F-4775-8EA1-3D1AD729934F}"
EndProject
Project("{9A19103F-16F7-4668-BE54-9A1E7A4F7556}") = "NhaThuoc.Data", "src\NhaThuoc.Data\NhaThuoc.Data.csproj", "{D5E46FD7-803F-417E-B9DD-2B11E691CBBD}"
EndProject
Project("{9A19103F-16F7-4668-BE54-9A1E7A4F7556}") = "NhaThuoc.WebApi", "src\NhaThuoc.WebApi\NhaThuoc.WebApi.csproj", "{005F2030-E230-43A3-8841-5A6F847CDFC3}"
EndProject
Project("{9A19103F-16F7-4668-BE54-9A1E7A4F7556}") = "NhaThuoc.Share", "src\NhaThuoc.Share\NhaThuoc.Share.csproj", "{90567F5C-C584-4999-93E4-CD8AC631AC26}"
EndProject
Project("{E53339B2-1760-4266-BCC7-CA923CBCF16C}") = "docker-compose", "docker-compose.dcproj", "{75625D29-B409-4BB8-B4B9-82D65D563DD3}"
EndProject
Project("{2150E333-8FDC-42A3-9474-1A3956D46DE8}") = "Gateway", "Gateway", "{A644EDB3-CCCE-4B0D-B7B4-7508EDFF425D}"
EndProject
Project("{FAE04EC0-301F-11D3-BF4B-00C04F79EFBC}") = "Nhathuoc.Gateway", "Gateway\Nhathuoc.Gateway\Nhathuoc.Gateway.csproj", "{C6AA3B63-41F6-4750-9EB0-60CBAF008D5A}"
EndProject
Global
	GlobalSection(SolutionConfigurationPlatforms) = preSolution
		Debug|Any CPU = Debug|Any CPU
		Release|Any CPU = Release|Any CPU
	EndGlobalSection
	GlobalSection(ProjectConfigurationPlatforms) = postSolution
		{357C55E5-FEE1-471A-9705-9B7C770DD43E}.Debug|Any CPU.ActiveCfg = Debug|Any CPU
		{357C55E5-FEE1-471A-9705-9B7C770DD43E}.Debug|Any CPU.Build.0 = Debug|Any CPU
		{357C55E5-FEE1-471A-9705-9B7C770DD43E}.Release|Any CPU.ActiveCfg = Release|Any CPU
		{357C55E5-FEE1-471A-9705-9B7C770DD43E}.Release|Any CPU.Build.0 = Release|Any CPU
		{486CBC79-9F3F-4775-8EA1-3D1AD729934F}.Debug|Any CPU.ActiveCfg = Debug|Any CPU
		{486CBC79-9F3F-4775-8EA1-3D1AD729934F}.Debug|Any CPU.Build.0 = Debug|Any CPU
		{486CBC79-9F3F-4775-8EA1-3D1AD729934F}.Release|Any CPU.ActiveCfg = Release|Any CPU
		{486CBC79-9F3F-4775-8EA1-3D1AD729934F}.Release|Any CPU.Build.0 = Release|Any CPU
		{D5E46FD7-803F-417E-B9DD-2B11E691CBBD}.Debug|Any CPU.ActiveCfg = Debug|Any CPU
		{D5E46FD7-803F-417E-B9DD-2B11E691CBBD}.Debug|Any CPU.Build.0 = Debug|Any CPU
		{D5E46FD7-803F-417E-B9DD-2B11E691CBBD}.Release|Any CPU.ActiveCfg = Release|Any CPU
		{D5E46FD7-803F-417E-B9DD-2B11E691CBBD}.Release|Any CPU.Build.0 = Release|Any CPU
		{005F2030-E230-43A3-8841-5A6F847CDFC3}.Debug|Any CPU.ActiveCfg = Debug|Any CPU
		{005F2030-E230-43A3-8841-5A6F847CDFC3}.Debug|Any CPU.Build.0 = Debug|Any CPU
		{005F2030-E230-43A3-8841-5A6F847CDFC3}.Release|Any CPU.ActiveCfg = Release|Any CPU
		{005F2030-E230-43A3-8841-5A6F847CDFC3}.Release|Any CPU.Build.0 = Release|Any CPU
		{90567F5C-C584-4999-93E4-CD8AC631AC26}.Debug|Any CPU.ActiveCfg = Debug|Any CPU
		{90567F5C-C584-4999-93E4-CD8AC631AC26}.Debug|Any CPU.Build.0 = Debug|Any CPU
		{90567F5C-C584-4999-93E4-CD8AC631AC26}.Release|Any CPU.ActiveCfg = Release|Any CPU
		{90567F5C-C584-4999-93E4-CD8AC631AC26}.Release|Any CPU.Build.0 = Release|Any CPU
		{75625D29-B409-4BB8-B4B9-82D65D563DD3}.Debug|Any CPU.ActiveCfg = Debug|Any CPU
		{75625D29-B409-4BB8-B4B9-82D65D563DD3}.Debug|Any CPU.Build.0 = Debug|Any CPU
		{75625D29-B409-4BB8-B4B9-82D65D563DD3}.Release|Any CPU.ActiveCfg = Release|Any CPU
		{75625D29-B409-4BB8-B4B9-82D65D563DD3}.Release|Any CPU.Build.0 = Release|Any CPU
		{C6AA3B63-41F6-4750-9EB0-60CBAF008D5A}.Debug|Any CPU.ActiveCfg = Debug|Any CPU
		{C6AA3B63-41F6-4750-9EB0-60CBAF008D5A}.Debug|Any CPU.Build.0 = Debug|Any CPU
		{C6AA3B63-41F6-4750-9EB0-60CBAF008D5A}.Release|Any CPU.ActiveCfg = Release|Any CPU
		{C6AA3B63-41F6-4750-9EB0-60CBAF008D5A}.Release|Any CPU.Build.0 = Release|Any CPU
	EndGlobalSection
	GlobalSection(SolutionProperties) = preSolution
		HideSolutionNode = FALSE
	EndGlobalSection
	GlobalSection(NestedProjects) = preSolution
		{357C55E5-FEE1-471A-9705-9B7C770DD43E} = {5A5CC241-E382-4C38-9DE6-99927A8C0A1E}
		{486CBC79-9F3F-4775-8EA1-3D1AD729934F} = {5A5CC241-E382-4C38-9DE6-99927A8C0A1E}
		{D5E46FD7-803F-417E-B9DD-2B11E691CBBD} = {5A5CC241-E382-4C38-9DE6-99927A8C0A1E}
		{005F2030-E230-43A3-8841-5A6F847CDFC3} = {5A5CC241-E382-4C38-9DE6-99927A8C0A1E}
		{90567F5C-C584-4999-93E4-CD8AC631AC26} = {5A5CC241-E382-4C38-9DE6-99927A8C0A1E}
		{C6AA3B63-41F6-4750-9EB0-60CBAF008D5A} = {A644EDB3-CCCE-4B0D-B7B4-7508EDFF425D}
	EndGlobalSection
	GlobalSection(ExtensibilityGlobals) = postSolution
		SolutionGuid = {0E412B0A-1658-4817-AF3C-60BAFA258591}
	EndGlobalSection
EndGlobal
