
Microsoft Visual Studio Solution File, Format Version 12.00
# Visual Studio Version 17
VisualStudioVersion = 17.9.34723.18
MinimumVisualStudioVersion = 10.0.40219.1
Project("{FAE04EC0-301F-11D3-BF4B-00C04F79EFBC}") = "NhaThuoc", "NhaThuoc\NhaThuoc.csproj", "{1D612D44-C934-4A4C-B0D0-A26235F11F62}"
EndProject
Project("{FAE04EC0-301F-11D3-BF4B-00C04F79EFBC}") = "NhaThuocOnline.Domain", "NhaThuocOnline.Domain\NhaThuocOnline.Domain.csproj", "{AC44A10E-99C1-40E9-906F-F9B0578E585D}"
EndProject
Global
	GlobalSection(SolutionConfigurationPlatforms) = preSolution
		Debug|Any CPU = Debug|Any CPU
		Release|Any CPU = Release|Any CPU
	EndGlobalSection
	GlobalSection(ProjectConfigurationPlatforms) = postSolution
		{1D612D44-C934-4A4C-B0D0-A26235F11F62}.Debug|Any CPU.ActiveCfg = Debug|Any CPU
		{1D612D44-C934-4A4C-B0D0-A26235F11F62}.Debug|Any CPU.Build.0 = Debug|Any CPU
		{1D612D44-C934-4A4C-B0D0-A26235F11F62}.Release|Any CPU.ActiveCfg = Release|Any CPU
		{1D612D44-C934-4A4C-B0D0-A26235F11F62}.Release|Any CPU.Build.0 = Release|Any CPU
		{AC44A10E-99C1-40E9-906F-F9B0578E585D}.Debug|Any CPU.ActiveCfg = Debug|Any CPU
		{AC44A10E-99C1-40E9-906F-F9B0578E585D}.Debug|Any CPU.Build.0 = Debug|Any CPU
		{AC44A10E-99C1-40E9-906F-F9B0578E585D}.Release|Any CPU.ActiveCfg = Release|Any CPU
		{AC44A10E-99C1-40E9-906F-F9B0578E585D}.Release|Any CPU.Build.0 = Release|Any CPU
	EndGlobalSection
	GlobalSection(SolutionProperties) = preSolution
		HideSolutionNode = FALSE
	EndGlobalSection
	GlobalSection(ExtensibilityGlobals) = postSolution
		SolutionGuid = {0E412B0A-1658-4817-AF3C-60BAFA258591}
	EndGlobalSection
EndGlobal
